
Microsoft Visual Studio Solution File, Format Version 12.00
# Visual Studio Version 17
VisualStudioVersion = 17.12.35527.113 d17.12
MinimumVisualStudioVersion = 10.0.40219.1
Project("{FAE04EC0-301F-11D3-BF4B-00C04F79EFBC}") = "VillaNatura.Web", "VillaNatura.Web\VillaNatura.Web.csproj", "{F721D69E-D283-48C1-8549-D2B3F889A05A}"
EndProject
Project("{FAE04EC0-301F-11D3-BF4B-00C04F79EFBC}") = "VillaNatura.Domain", "VillaNatura.Domain\VillaNatura.Domain.csproj", "{6424E6D2-0C21-4876-90DD-E3D11946F8BB}"
EndProject
Project("{FAE04EC0-301F-11D3-BF4B-00C04F79EFBC}") = "VillaNatura.Application", "VillaNatura.Application\VillaNatura.Application.csproj", "{7629DF7E-3653-48BA-8E84-E79F3FD8EFF2}"
EndProject
Project("{FAE04EC0-301F-11D3-BF4B-00C04F79EFBC}") = "VillaNatura.Infrastructure", "VillaNatura.Infrastructure\VillaNatura.Infrastructure.csproj", "{858D4235-158F-47F5-944A-F37792364A2A}"
EndProject
Global
	GlobalSection(SolutionConfigurationPlatforms) = preSolution
		Debug|Any CPU = Debug|Any CPU
		Release|Any CPU = Release|Any CPU
	EndGlobalSection
	GlobalSection(ProjectConfigurationPlatforms) = postSolution
		{F721D69E-D283-48C1-8549-D2B3F889A05A}.Debug|Any CPU.ActiveCfg = Debug|Any CPU
		{F721D69E-D283-48C1-8549-D2B3F889A05A}.Debug|Any CPU.Build.0 = Debug|Any CPU
		{F721D69E-D283-48C1-8549-D2B3F889A05A}.Release|Any CPU.ActiveCfg = Release|Any CPU
		{F721D69E-D283-48C1-8549-D2B3F889A05A}.Release|Any CPU.Build.0 = Release|Any CPU
		{6424E6D2-0C21-4876-90DD-E3D11946F8BB}.Debug|Any CPU.ActiveCfg = Debug|Any CPU
		{6424E6D2-0C21-4876-90DD-E3D11946F8BB}.Debug|Any CPU.Build.0 = Debug|Any CPU
		{6424E6D2-0C21-4876-90DD-E3D11946F8BB}.Release|Any CPU.ActiveCfg = Release|Any CPU
		{6424E6D2-0C21-4876-90DD-E3D11946F8BB}.Release|Any CPU.Build.0 = Release|Any CPU
		{7629DF7E-3653-48BA-8E84-E79F3FD8EFF2}.Debug|Any CPU.ActiveCfg = Debug|Any CPU
		{7629DF7E-3653-48BA-8E84-E79F3FD8EFF2}.Debug|Any CPU.Build.0 = Debug|Any CPU
		{7629DF7E-3653-48BA-8E84-E79F3FD8EFF2}.Release|Any CPU.ActiveCfg = Release|Any CPU
		{7629DF7E-3653-48BA-8E84-E79F3FD8EFF2}.Release|Any CPU.Build.0 = Release|Any CPU
		{858D4235-158F-47F5-944A-F37792364A2A}.Debug|Any CPU.ActiveCfg = Debug|Any CPU
		{858D4235-158F-47F5-944A-F37792364A2A}.Debug|Any CPU.Build.0 = Debug|Any CPU
		{858D4235-158F-47F5-944A-F37792364A2A}.Release|Any CPU.ActiveCfg = Release|Any CPU
		{858D4235-158F-47F5-944A-F37792364A2A}.Release|Any CPU.Build.0 = Release|Any CPU
	EndGlobalSection
	GlobalSection(SolutionProperties) = preSolution
		HideSolutionNode = FALSE
	EndGlobalSection
EndGlobal
